{
	"name": "typedoc-repros",
	"lockfileVersion": 3,
	"requires": true,
	"packages": {
		"": {
			"workspaces": [
				"./base",
				"./sub"
			]
		},
		"base": {
			"name": "@mytest/base",
			"devDependencies": {
				"typescript": "^4.9.4"
			}
		},
		"node_modules/@mytest/base": {
			"resolved": "base",
			"link": true
		},
		"node_modules/@mytest/sub": {
			"resolved": "sub",
			"link": true
		},
		"node_modules/typescript": {
			"version": "4.9.5",
			"resolved": "https://registry.npmjs.org/typescript/-/typescript-4.9.5.tgz",
			"integrity": "sha512-1FXk9E2Hm+QzZQ7z+McJiHL4NW1F2EzMu9Nq9i3zAaGqibafqYwCVU6WyWAuyQRRzOlxou8xZSyXLEN8oKj24g==",
			"dev": true,
			"bin": {
				"tsc": "bin/tsc",
				"tsserver": "bin/tsserver"
			},
			"engines": {
				"node": ">=4.2.0"
			}
		},
		"sub": {
			"name": "@mytest/sub"
		}
	}
}
