{
  "name": "typedoc-repros",
  "lockfileVersion": 2,
  "requires": true,
  "packages": {
    "": {
      "name": "typedoc-repros",
      "dependencies": {
        "typedoc": "latest",
        "typescript": "latest"
      }
    },
    "node_modules/balanced-match": {
      "version": "1.0.2",
      "license": "MIT"
    },
    "node_modules/brace-expansion": {
      "version": "2.0.1",
      "license": "MIT",
      "dependencies": {
        "balanced-match": "^1.0.0"
      }
    },
    "node_modules/jsonc-parser": {
      "version": "3.1.0",
      "license": "MIT"
    },
    "node_modules/lunr": {
      "version": "2.3.9",
      "license": "MIT"
    },
    "node_modules/marked": {
      "version": "4.0.18",
      "license": "MIT",
      "bin": {
        "marked": "bin/marked.js"
      },
      "engines": {
        "node": ">= 12"
      }
    },
    "node_modules/minimatch": {
      "version": "5.1.0",
      "license": "ISC",
      "dependencies": {
        "brace-expansion": "^2.0.1"
      },
      "engines": {
        "node": ">=10"
      }
    },
    "node_modules/shiki": {
      "version": "0.10.1",
      "license": "MIT",
      "dependencies": {
        "jsonc-parser": "^3.0.0",
        "vscode-oniguruma": "^1.6.1",
        "vscode-textmate": "5.2.0"
      }
    },
    "node_modules/typedoc": {
      "version": "0.23.10",
      "resolved": "https://registry.npmjs.org/typedoc/-/typedoc-0.23.10.tgz",
      "integrity": "sha512-03EUiu/ZuScUBMnY6p0lY+HTH8SwhzvRE3gImoemdPDWXPXlks83UGTx++lyquWeB1MTwm9D9Ca8RIjkK3AFfQ==",
      "dependencies": {
        "lunr": "^2.3.9",
        "marked": "^4.0.18",
        "minimatch": "^5.1.0",
        "shiki": "^0.10.1"
      },
      "bin": {
        "typedoc": "bin/typedoc"
      },
      "engines": {
        "node": ">= 14.14"
      },
      "peerDependencies": {
        "typescript": "4.6.x || 4.7.x"
      }
    },
    "node_modules/typescript": {
      "version": "4.7.4",
      "resolved": "https://registry.npmjs.org/typescript/-/typescript-4.7.4.tgz",
      "integrity": "sha512-C0WQT0gezHuw6AdY1M2jxUO83Rjf0HP7Sk1DtXj6j1EwkQNZrHAg2XPWlq62oqEhYvONq5pkC2Y9oPljWToLmQ==",
      "bin": {
        "tsc": "bin/tsc",
        "tsserver": "bin/tsserver"
      },
      "engines": {
        "node": ">=4.2.0"
      }
    },
    "node_modules/vscode-oniguruma": {
      "version": "1.6.2",
      "license": "MIT"
    },
    "node_modules/vscode-textmate": {
      "version": "5.2.0",
      "license": "MIT"
    }
  },
  "dependencies": {
    "balanced-match": {
      "version": "1.0.2"
    },
    "brace-expansion": {
      "version": "2.0.1",
      "requires": {
        "balanced-match": "^1.0.0"
      }
    },
    "jsonc-parser": {
      "version": "3.1.0"
    },
    "lunr": {
      "version": "2.3.9"
    },
    "marked": {
      "version": "4.0.18"
    },
    "minimatch": {
      "version": "5.1.0",
      "requires": {
        "brace-expansion": "^2.0.1"
      }
    },
    "shiki": {
      "version": "0.10.1",
      "requires": {
        "jsonc-parser": "^3.0.0",
        "vscode-oniguruma": "^1.6.1",
        "vscode-textmate": "5.2.0"
      }
    },
    "typedoc": {
      "version": "0.23.10",
      "resolved": "https://registry.npmjs.org/typedoc/-/typedoc-0.23.10.tgz",
      "integrity": "sha512-03EUiu/ZuScUBMnY6p0lY+HTH8SwhzvRE3gImoemdPDWXPXlks83UGTx++lyquWeB1MTwm9D9Ca8RIjkK3AFfQ==",
      "requires": {
        "lunr": "^2.3.9",
        "marked": "^4.0.18",
        "minimatch": "^5.1.0",
        "shiki": "^0.10.1"
      }
    },
    "typescript": {
      "version": "4.7.4",
      "resolved": "https://registry.npmjs.org/typescript/-/typescript-4.7.4.tgz",
      "integrity": "sha512-C0WQT0gezHuw6AdY1M2jxUO83Rjf0HP7Sk1DtXj6j1EwkQNZrHAg2XPWlq62oqEhYvONq5pkC2Y9oPljWToLmQ=="
    },
    "vscode-oniguruma": {
      "version": "1.6.2"
    },
    "vscode-textmate": {
      "version": "5.2.0"
    }
  }
}
